
Microsoft Visual Studio Solution File, Format Version 12.00
# Visual Studio Version 16
VisualStudioVersion = 16.0.31624.102
MinimumVisualStudioVersion = 10.0.40219.1
Project("{8BC9CEB8-8B4A-11D0-8D11-00A0C91BC942}") = "Ex1Q1", "Ex1Q1\Ex1Q1.vcxproj", "{FD7F0A51-A095-42A6-935D-1AA3A13E67BE}"
EndProject
Project("{8BC9CEB8-8B4A-11D0-8D11-00A0C91BC942}") = "Exercise3q3", "Exercise3q3\Exercise3q3.vcxproj", "{0ED9C523-3718-4899-AA2B-74DC240DAA56}"
EndProject
Project("{8BC9CEB8-8B4A-11D0-8D11-00A0C91BC942}") = "Exercise3q4", "Exercise3q4\Exercise3q4.vcxproj", "{EFC4C900-D021-4BF9-A780-68AD2A0313F9}"
EndProject
Project("{8BC9CEB8-8B4A-11D0-8D11-00A0C91BC942}") = "Exercise3q5", "Exercise3q5\Exercise3q5.vcxproj", "{58384ED1-8398-4A92-BE47-8FE5EDBD5537}"
EndProject
Project("{8BC9CEB8-8B4A-11D0-8D11-00A0C91BC942}") = "Exercise5q1", "Exercise5q1\Exercise5q1.vcxproj", "{4A4CA650-2EE0-477C-AAA5-3D5B0AC206EA}"
EndProject
Project("{8BC9CEB8-8B4A-11D0-8D11-00A0C91BC942}") = "Exercise5q2", "Exercise5q2\Exercise5q2.vcxproj", "{16C740CB-3B10-4502-9F5C-F0324FB3063B}"
EndProject
Project("{8BC9CEB8-8B4A-11D0-8D11-00A0C91BC942}") = "LinkedList", "Exercize6\Exercize6.vcxproj", "{DA65FCCE-7A01-41F3-8136-FE27C9C922A0}"
EndProject
Project("{8BC9CEB8-8B4A-11D0-8D11-00A0C91BC942}") = "Exercise6q2", "Exercise6q2\Exercise6q2.vcxproj", "{084DE796-5173-49B9-9E3C-8E02142FBC2C}"
EndProject
Global
	GlobalSection(SolutionConfigurationPlatforms) = preSolution
		Debug|x64 = Debug|x64
		Debug|x86 = Debug|x86
		Release|x64 = Release|x64
		Release|x86 = Release|x86
	EndGlobalSection
	GlobalSection(ProjectConfigurationPlatforms) = postSolution
		{FD7F0A51-A095-42A6-935D-1AA3A13E67BE}.Debug|x64.ActiveCfg = Debug|x64
		{FD7F0A51-A095-42A6-935D-1AA3A13E67BE}.Debug|x64.Build.0 = Debug|x64
		{FD7F0A51-A095-42A6-935D-1AA3A13E67BE}.Debug|x86.ActiveCfg = Debug|Win32
		{FD7F0A51-A095-42A6-935D-1AA3A13E67BE}.Debug|x86.Build.0 = Debug|Win32
		{FD7F0A51-A095-42A6-935D-1AA3A13E67BE}.Release|x64.ActiveCfg = Debug|x64
		{FD7F0A51-A095-42A6-935D-1AA3A13E67BE}.Release|x64.Build.0 = Debug|x64
		{FD7F0A51-A095-42A6-935D-1AA3A13E67BE}.Release|x86.ActiveCfg = Release|Win32
		{FD7F0A51-A095-42A6-935D-1AA3A13E67BE}.Release|x86.Build.0 = Release|Win32
		{0ED9C523-3718-4899-AA2B-74DC240DAA56}.Debug|x64.ActiveCfg = Debug|x64
		{0ED9C523-3718-4899-AA2B-74DC240DAA56}.Debug|x64.Build.0 = Debug|x64
		{0ED9C523-3718-4899-AA2B-74DC240DAA56}.Debug|x86.ActiveCfg = Debug|Win32
		{0ED9C523-3718-4899-AA2B-74DC240DAA56}.Debug|x86.Build.0 = Debug|Win32
		{0ED9C523-3718-4899-AA2B-74DC240DAA56}.Release|x64.ActiveCfg = Debug|x64
		{0ED9C523-3718-4899-AA2B-74DC240DAA56}.Release|x64.Build.0 = Debug|x64
		{0ED9C523-3718-4899-AA2B-74DC240DAA56}.Release|x86.ActiveCfg = Release|Win32
		{0ED9C523-3718-4899-AA2B-74DC240DAA56}.Release|x86.Build.0 = Release|Win32
		{EFC4C900-D021-4BF9-A780-68AD2A0313F9}.Debug|x64.ActiveCfg = Debug|x64
		{EFC4C900-D021-4BF9-A780-68AD2A0313F9}.Debug|x64.Build.0 = Debug|x64
		{EFC4C900-D021-4BF9-A780-68AD2A0313F9}.Debug|x86.ActiveCfg = Debug|Win32
		{EFC4C900-D021-4BF9-A780-68AD2A0313F9}.Debug|x86.Build.0 = Debug|Win32
		{EFC4C900-D021-4BF9-A780-68AD2A0313F9}.Release|x64.ActiveCfg = Debug|x64
		{EFC4C900-D021-4BF9-A780-68AD2A0313F9}.Release|x64.Build.0 = Debug|x64
		{EFC4C900-D021-4BF9-A780-68AD2A0313F9}.Release|x86.ActiveCfg = Release|Win32
		{EFC4C900-D021-4BF9-A780-68AD2A0313F9}.Release|x86.Build.0 = Release|Win32
		{58384ED1-8398-4A92-BE47-8FE5EDBD5537}.Debug|x64.ActiveCfg = Debug|x64
		{58384ED1-8398-4A92-BE47-8FE5EDBD5537}.Debug|x64.Build.0 = Debug|x64
		{58384ED1-8398-4A92-BE47-8FE5EDBD5537}.Debug|x86.ActiveCfg = Debug|Win32
		{58384ED1-8398-4A92-BE47-8FE5EDBD5537}.Debug|x86.Build.0 = Debug|Win32
		{58384ED1-8398-4A92-BE47-8FE5EDBD5537}.Release|x64.ActiveCfg = Debug|x64
		{58384ED1-8398-4A92-BE47-8FE5EDBD5537}.Release|x64.Build.0 = Debug|x64
		{58384ED1-8398-4A92-BE47-8FE5EDBD5537}.Release|x86.ActiveCfg = Release|Win32
		{58384ED1-8398-4A92-BE47-8FE5EDBD5537}.Release|x86.Build.0 = Release|Win32
		{4A4CA650-2EE0-477C-AAA5-3D5B0AC206EA}.Debug|x64.ActiveCfg = Debug|x64
		{4A4CA650-2EE0-477C-AAA5-3D5B0AC206EA}.Debug|x64.Build.0 = Debug|x64
		{4A4CA650-2EE0-477C-AAA5-3D5B0AC206EA}.Debug|x86.ActiveCfg = Debug|Win32
		{4A4CA650-2EE0-477C-AAA5-3D5B0AC206EA}.Debug|x86.Build.0 = Debug|Win32
		{4A4CA650-2EE0-477C-AAA5-3D5B0AC206EA}.Release|x64.ActiveCfg = Debug|x64
		{4A4CA650-2EE0-477C-AAA5-3D5B0AC206EA}.Release|x64.Build.0 = Debug|x64
		{4A4CA650-2EE0-477C-AAA5-3D5B0AC206EA}.Release|x86.ActiveCfg = Release|Win32
		{4A4CA650-2EE0-477C-AAA5-3D5B0AC206EA}.Release|x86.Build.0 = Release|Win32
		{16C740CB-3B10-4502-9F5C-F0324FB3063B}.Debug|x64.ActiveCfg = Debug|x64
		{16C740CB-3B10-4502-9F5C-F0324FB3063B}.Debug|x64.Build.0 = Debug|x64
		{16C740CB-3B10-4502-9F5C-F0324FB3063B}.Debug|x86.ActiveCfg = Debug|Win32
		{16C740CB-3B10-4502-9F5C-F0324FB3063B}.Debug|x86.Build.0 = Debug|Win32
		{16C740CB-3B10-4502-9F5C-F0324FB3063B}.Release|x64.ActiveCfg = Debug|x64
		{16C740CB-3B10-4502-9F5C-F0324FB3063B}.Release|x64.Build.0 = Debug|x64
		{16C740CB-3B10-4502-9F5C-F0324FB3063B}.Release|x86.ActiveCfg = Release|Win32
		{16C740CB-3B10-4502-9F5C-F0324FB3063B}.Release|x86.Build.0 = Release|Win32
		{DA65FCCE-7A01-41F3-8136-FE27C9C922A0}.Debug|x64.ActiveCfg = Debug|x64
		{DA65FCCE-7A01-41F3-8136-FE27C9C922A0}.Debug|x64.Build.0 = Debug|x64
		{DA65FCCE-7A01-41F3-8136-FE27C9C922A0}.Debug|x86.ActiveCfg = Debug|Win32
		{DA65FCCE-7A01-41F3-8136-FE27C9C922A0}.Debug|x86.Build.0 = Debug|Win32
		{DA65FCCE-7A01-41F3-8136-FE27C9C922A0}.Release|x64.ActiveCfg = Release|x64
		{DA65FCCE-7A01-41F3-8136-FE27C9C922A0}.Release|x64.Build.0 = Release|x64
		{DA65FCCE-7A01-41F3-8136-FE27C9C922A0}.Release|x86.ActiveCfg = Release|Win32
		{DA65FCCE-7A01-41F3-8136-FE27C9C922A0}.Release|x86.Build.0 = Release|Win32
		{084DE796-5173-49B9-9E3C-8E02142FBC2C}.Debug|x64.ActiveCfg = Debug|x64
		{084DE796-5173-49B9-9E3C-8E02142FBC2C}.Debug|x64.Build.0 = Debug|x64
		{084DE796-5173-49B9-9E3C-8E02142FBC2C}.Debug|x86.ActiveCfg = Debug|Win32
		{084DE796-5173-49B9-9E3C-8E02142FBC2C}.Debug|x86.Build.0 = Debug|Win32
		{084DE796-5173-49B9-9E3C-8E02142FBC2C}.Release|x64.ActiveCfg = Release|x64
		{084DE796-5173-49B9-9E3C-8E02142FBC2C}.Release|x64.Build.0 = Release|x64
		{084DE796-5173-49B9-9E3C-8E02142FBC2C}.Release|x86.ActiveCfg = Release|Win32
		{084DE796-5173-49B9-9E3C-8E02142FBC2C}.Release|x86.Build.0 = Release|Win32
	EndGlobalSection
	GlobalSection(SolutionProperties) = preSolution
		HideSolutionNode = FALSE
	EndGlobalSection
	GlobalSection(ExtensibilityGlobals) = postSolution
		SolutionGuid = {41E4EA75-9130-4AE3-BB80-517F462BD327}
	EndGlobalSection
EndGlobal
